
Microsoft Visual Studio Solution File, Format Version 12.00
# Visual Studio 2013
VisualStudioVersion = 12.0.40629.0
MinimumVisualStudioVersion = 10.0.40219.1
Project("{888888A0-9F3D-457C-B088-3A5042F75D52}") = "APPserver", "APPserver.pyproj", "{11F67A20-EABA-44B9-A708-0B5D2330E101}"
EndProject
Project("{9092AA53-FB77-4645-B42D-1CCCA6BD08BD}") = "APPclient", "APPclient.njsproj", "{6B29A8D9-69C8-469D-A7B6-FE5511594207}"
EndProject
Global
	GlobalSection(SolutionConfigurationPlatforms) = preSolution
		Debug|Any CPU = Debug|Any CPU
		Release|Any CPU = Release|Any CPU
	EndGlobalSection
	GlobalSection(ProjectConfigurationPlatforms) = postSolution
		{11F67A20-EABA-44B9-A708-0B5D2330E101}.Debug|Any CPU.ActiveCfg = Debug|Any CPU
		{11F67A20-EABA-44B9-A708-0B5D2330E101}.Debug|Any CPU.Build.0 = Debug|Any CPU
		{11F67A20-EABA-44B9-A708-0B5D2330E101}.Release|Any CPU.ActiveCfg = Release|Any CPU
		{11F67A20-EABA-44B9-A708-0B5D2330E101}.Release|Any CPU.Build.0 = Release|Any CPU
		{6B29A8D9-69C8-469D-A7B6-FE5511594207}.Debug|Any CPU.ActiveCfg = Debug|Any CPU
		{6B29A8D9-69C8-469D-A7B6-FE5511594207}.Debug|Any CPU.Build.0 = Debug|Any CPU
		{6B29A8D9-69C8-469D-A7B6-FE5511594207}.Release|Any CPU.ActiveCfg = Release|Any CPU
		{6B29A8D9-69C8-469D-A7B6-FE5511594207}.Release|Any CPU.Build.0 = Release|Any CPU
	EndGlobalSection
	GlobalSection(SolutionProperties) = preSolution
		HideSolutionNode = FALSE
	EndGlobalSection
EndGlobal
